
Microsoft Visual Studio Solution File, Format Version 12.00
# Visual Studio Version 16
VisualStudioVersion = 16.0.30128.74
MinimumVisualStudioVersion = 10.0.40219.1
Project("{FAE04EC0-301F-11D3-BF4B-00C04F79EFBC}") = "CodeSamples", "CodeSamples\CodeSamples.csproj", "{2AC11A6D-5CE5-4338-9C99-7B0B439B86E8}"
EndProject
Global
	GlobalSection(SolutionConfigurationPlatforms) = preSolution
		Debug|Any CPU = Debug|Any CPU
		Release|Any CPU = Release|Any CPU
	EndGlobalSection
	GlobalSection(ProjectConfigurationPlatforms) = postSolution
		{2AC11A6D-5CE5-4338-9C99-7B0B439B86E8}.Debug|Any CPU.ActiveCfg = Debug|Any CPU
		{2AC11A6D-5CE5-4338-9C99-7B0B439B86E8}.Debug|Any CPU.Build.0 = Debug|Any CPU
		{2AC11A6D-5CE5-4338-9C99-7B0B439B86E8}.Release|Any CPU.ActiveCfg = Release|Any CPU
		{2AC11A6D-5CE5-4338-9C99-7B0B439B86E8}.Release|Any CPU.Build.0 = Release|Any CPU
	EndGlobalSection
	GlobalSection(SolutionProperties) = preSolution
		HideSolutionNode = FALSE
	EndGlobalSection
	GlobalSection(ExtensibilityGlobals) = postSolution
		SolutionGuid = {2FA913BD-D9D8-4937-940B-376756F571FD}
	EndGlobalSection
EndGlobal
